
Microsoft Visual Studio Solution File, Format Version 12.00
# Visual Studio Version 16
VisualStudioVersion = 16.0.31313.79
MinimumVisualStudioVersion = 10.0.40219.1
Project("{9A19103F-16F7-4668-BE54-9A1E7A4F7556}") = "GfdbFramework", "GfdbFramework\GfdbFramework.csproj", "{9F7FA3F9-2A3D-4526-8DEF-FA12C2C17197}"
EndProject
Project("{9A19103F-16F7-4668-BE54-9A1E7A4F7556}") = "GfdbFramework.Test", "GfdbFramework.Test\GfdbFramework.Test.csproj", "{4E4A4307-40D7-4DB0-A325-3C1628E98F4F}"
EndProject
Global
	GlobalSection(SolutionConfigurationPlatforms) = preSolution
		Debug|Any CPU = Debug|Any CPU
		Release|Any CPU = Release|Any CPU
	EndGlobalSection
	GlobalSection(ProjectConfigurationPlatforms) = postSolution
		{9F7FA3F9-2A3D-4526-8DEF-FA12C2C17197}.Debug|Any CPU.ActiveCfg = Debug|Any CPU
		{9F7FA3F9-2A3D-4526-8DEF-FA12C2C17197}.Debug|Any CPU.Build.0 = Debug|Any CPU
		{9F7FA3F9-2A3D-4526-8DEF-FA12C2C17197}.Release|Any CPU.ActiveCfg = Release|Any CPU
		{9F7FA3F9-2A3D-4526-8DEF-FA12C2C17197}.Release|Any CPU.Build.0 = Release|Any CPU
		{4E4A4307-40D7-4DB0-A325-3C1628E98F4F}.Debug|Any CPU.ActiveCfg = Debug|Any CPU
		{4E4A4307-40D7-4DB0-A325-3C1628E98F4F}.Debug|Any CPU.Build.0 = Debug|Any CPU
		{4E4A4307-40D7-4DB0-A325-3C1628E98F4F}.Release|Any CPU.ActiveCfg = Release|Any CPU
		{4E4A4307-40D7-4DB0-A325-3C1628E98F4F}.Release|Any CPU.Build.0 = Release|Any CPU
	EndGlobalSection
	GlobalSection(SolutionProperties) = preSolution
		HideSolutionNode = FALSE
	EndGlobalSection
	GlobalSection(ExtensibilityGlobals) = postSolution
		SolutionGuid = {FE9BFAC3-4016-4271-9169-E211C46A46DF}
	EndGlobalSection
EndGlobal
